<?xml version="1.0" encoding="utf-8"?>
<Project ToolsVersion="4.0" xmlns="http://schemas.microsoft.com/developer/msbuild/2003">
  <ItemGroup>
    <Filter Include="Source Files">
      <UniqueIdentifier>{4FC737F1-C7A5-4376-A066-2A32D752A2FF}</UniqueIdentifier>
      <Extensions>cpp;c;cc;cxx;def;odl;idl;hpj;bat;asm;asmx</Extensions>
    </Filter>
    <Filter Include="Source Files\planner">
      <UniqueIdentifier>{6702781e-639f-4635-ba80-e27acea3b96b}</UniqueIdentifier>
    </Filter>
    <Filter Include="Source Files\planner\environment">
      <UniqueIdentifier>{bd9ef2dc-a96c-4d0b-bd0e-7e7cd63dafe4}</UniqueIdentifier>
    </Filter>
    <Filter Include="Source Files\planner\rendering">
      <UniqueIdentifier>{4f28fe62-084f-44de-9516-651e933972e2}</UniqueIdentifier>
    </Filter>
    <Filter Include="Source Files\robot">
      <UniqueIdentifier>{dbac9c21-bb64-4346-9428-b2e8f923a064}</UniqueIdentifier>
    </Filter>
    <Filter Include="Source Files\json">
      <UniqueIdentifier>{dd8219da-58e1-421a-a262-7369a3fd73c7}</UniqueIdentifier>
    </Filter>
    <Filter Include="lib">
      <UniqueIdentifier>{4bc9eefc-0941-4bbf-b7e7-a7b039c0f443}</UniqueIdentifier>
    </Filter>
    <Filter Include="lib\tinyxml2">
      <UniqueIdentifier>{ea854005-3bc4-4cae-a63e-5cfb68f412b8}</UniqueIdentifier>
    </Filter>
  </ItemGroup>
  <ItemGroup>
    <ClCompile Include="..\..\src\planner\main.cc">
      <Filter>Source Files\planner</Filter>
    </ClCompile>
    <ClCompile Include="..\..\src\planner\planner.cc">
      <Filter>Source Files\planner</Filter>
    </ClCompile>
    <ClCompile Include="..\..\src\planner\planner_window.cc">
      <Filter>Source Files\planner</Filter>
    </ClCompile>
    <ClCompile Include="..\..\src\planner\rendering\robot_scene.cc">
      <Filter>Source Files\planner\rendering</Filter>
    </ClCompile>
    <ClCompile Include="..\..\src\planner\environment\environment_loader.cc">
      <Filter>Source Files\planner\environment</Filter>
    </ClCompile>
    <ClCompile Include="..\..\src\json\json.cc">
      <Filter>Source Files\json</Filter>
    </ClCompile>
    <ClCompile Include="..\..\src\json\json_loader.cc">
      <Filter>Source Files\json</Filter>
    </ClCompile>
    <ClCompile Include="..\..\src\robot\robot_joint.cc">
      <Filter>Source Files\robot</Filter>
    </ClCompile>
    <ClCompile Include="..\..\src\robot\robot_model.cc">
      <Filter>Source Files\robot</Filter>
    </ClCompile>
    <ClCompile Include="..\..\src\robot\robot_model_loader.cc">
      <Filter>Source Files\robot</Filter>
    </ClCompile>
    <ClCompile Include="..\..\lib\tinyxml2\tinyxml2.cpp">
      <Filter>lib\tinyxml2</Filter>
    </ClCompile>
  </ItemGroup>
  <ItemGroup>
    <ClInclude Include="..\..\src\planner\planner.h">
      <Filter>Source Files\planner</Filter>
    </ClInclude>
    <ClInclude Include="..\..\src\planner\planner_window.h">
      <Filter>Source Files\planner</Filter>
    </ClInclude>
    <ClInclude Include="..\..\src\planner\rendering\robot_scene.h">
      <Filter>Source Files\planner\rendering</Filter>
    </ClInclude>
    <ClInclude Include="..\..\src\planner\environment\environment.h">
      <Filter>Source Files\planner\environment</Filter>
    </ClInclude>
    <ClInclude Include="..\..\src\planner\environment\environment_loader.h">
      <Filter>Source Files\planner\environment</Filter>
    </ClInclude>
    <ClInclude Include="..\..\src\planner\environment\object.h">
      <Filter>Source Files\planner\environment</Filter>
    </ClInclude>
    <ClInclude Include="..\..\src\json\json.h">
      <Filter>Source Files\json</Filter>
    </ClInclude>
    <ClInclude Include="..\..\src\json\json_loader.h">
      <Filter>Source Files\json</Filter>
    </ClInclude>
    <ClInclude Include="..\..\src\robot\robot_joint.h">
      <Filter>Source Files\robot</Filter>
    </ClInclude>
    <ClInclude Include="..\..\src\robot\robot_link.h">
      <Filter>Source Files\robot</Filter>
    </ClInclude>
    <ClInclude Include="..\..\src\robot\robot_model.h">
      <Filter>Source Files\robot</Filter>
    </ClInclude>
    <ClInclude Include="..\..\src\robot\robot_model_loader.h">
      <Filter>Source Files\robot</Filter>
    </ClInclude>
    <ClInclude Include="..\..\lib\tinyxml2\tinyxml2.h">
      <Filter>lib\tinyxml2</Filter>
    </ClInclude>
  </ItemGroup>
</Project>