<?xml version="1.0" encoding="utf-8"?>
<Project ToolsVersion="4.0" xmlns="http://schemas.microsoft.com/developer/msbuild/2003">
  <ItemGroup>
    <Filter Include="Source Files">
      <UniqueIdentifier>{4FC737F1-C7A5-4376-A066-2A32D752A2FF}</UniqueIdentifier>
      <Extensions>cpp;c;cc;cxx;def;odl;idl;hpj;bat;asm;asmx</Extensions>
    </Filter>
    <Filter Include="Source Files\rendering">
      <UniqueIdentifier>{ad5bdc9e-e363-4593-98f4-581a419b0089}</UniqueIdentifier>
    </Filter>
    <Filter Include="Source Files\planning">
      <UniqueIdentifier>{24cf2892-6d84-4c40-a549-8b8d6fa178b6}</UniqueIdentifier>
    </Filter>
    <Filter Include="Libraries">
      <UniqueIdentifier>{b61d9849-f4ad-406e-9dc8-7dbf4dc2bae4}</UniqueIdentifier>
    </Filter>
    <Filter Include="Shaders">
      <UniqueIdentifier>{f31fc6f5-9a45-431a-a09b-cb6242df4d49}</UniqueIdentifier>
    </Filter>
    <Filter Include="Source Files\rendering\shader">
      <UniqueIdentifier>{d7d87ef7-2da2-4ce2-b517-744b71794077}</UniqueIdentifier>
    </Filter>
    <Filter Include="Source Files\resource">
      <UniqueIdentifier>{40330075-7934-4a1c-b353-b75756a449d9}</UniqueIdentifier>
    </Filter>
    <Filter Include="Source Files\rendering\object">
      <UniqueIdentifier>{6e7174e8-dcfe-4bd6-b060-bd2fb0f20d0c}</UniqueIdentifier>
    </Filter>
    <Filter Include="Source Files\robot">
      <UniqueIdentifier>{51720f11-6070-447f-bf43-8ed9fe6ece1b}</UniqueIdentifier>
    </Filter>
    <Filter Include="Source Files\vision">
      <UniqueIdentifier>{6b7be250-ea0d-4538-b0a2-a66989051d8b}</UniqueIdentifier>
    </Filter>
    <Filter Include="Source Files\nlp">
      <UniqueIdentifier>{fccd0e04-7fec-4bca-98f3-ced549639f0a}</UniqueIdentifier>
    </Filter>
  </ItemGroup>
  <ItemGroup>
    <ClCompile Include="..\..\src\planning\planner.cc">
      <Filter>Source Files\planning</Filter>
    </ClCompile>
    <ClCompile Include="..\..\src\rendering\camera.cc">
      <Filter>Source Files\rendering</Filter>
    </ClCompile>
    <ClCompile Include="..\..\src\rendering\rendering_window.cc">
      <Filter>Source Files\rendering</Filter>
    </ClCompile>
    <ClCompile Include="..\..\lib\glad\glad.c">
      <Filter>Libraries</Filter>
    </ClCompile>
    <ClCompile Include="..\..\src\rendering\shader\color_shader.cc">
      <Filter>Source Files\rendering\shader</Filter>
    </ClCompile>
    <ClCompile Include="..\..\src\rendering\shader\light_shader.cc">
      <Filter>Source Files\rendering\shader</Filter>
    </ClCompile>
    <ClCompile Include="..\..\src\rendering\shader\shader.cc">
      <Filter>Source Files\rendering\shader</Filter>
    </ClCompile>
    <ClCompile Include="..\..\src\resource\raw_mesh_manager.cc">
      <Filter>Source Files\resource</Filter>
    </ClCompile>
    <ClCompile Include="..\..\src\resource\texture_manager.cc">
      <Filter>Source Files\resource</Filter>
    </ClCompile>
    <ClCompile Include="..\..\lib\lodepng\lodepng.cpp">
      <Filter>Libraries</Filter>
    </ClCompile>
    <ClCompile Include="..\..\lib\tinyxml2\tinyxml2.cpp">
      <Filter>Libraries</Filter>
    </ClCompile>
    <ClCompile Include="..\..\src\rendering\shader\pointcloud_shader.cc">
      <Filter>Source Files\rendering\shader</Filter>
    </ClCompile>
    <ClCompile Include="..\..\src\robot\robot_joint.cc">
      <Filter>Source Files\robot</Filter>
    </ClCompile>
    <ClCompile Include="..\..\src\robot\robot_link.cc">
      <Filter>Source Files\robot</Filter>
    </ClCompile>
    <ClCompile Include="..\..\src\robot\robot_model.cc">
      <Filter>Source Files\robot</Filter>
    </ClCompile>
    <ClCompile Include="..\..\src\robot\robot_model_loader.cc">
      <Filter>Source Files\robot</Filter>
    </ClCompile>
    <ClCompile Include="..\..\src\rendering\object\array_object.cc">
      <Filter>Source Files\rendering\object</Filter>
    </ClCompile>
    <ClCompile Include="..\..\src\rendering\object\buffer_object.cc">
      <Filter>Source Files\rendering\object</Filter>
    </ClCompile>
    <ClCompile Include="..\..\src\rendering\object\texture_object.cc">
      <Filter>Source Files\rendering\object</Filter>
    </ClCompile>
    <ClCompile Include="..\..\src\vision\kinect.cc">
      <Filter>Source Files\vision</Filter>
    </ClCompile>
    <ClCompile Include="..\..\src\nlp\nlp.cc">
      <Filter>Source Files\nlp</Filter>
    </ClCompile>
    <ClCompile Include="..\..\src\nlp\dgg_node.cc">
      <Filter>Source Files\nlp</Filter>
    </ClCompile>
    <ClCompile Include="..\..\src\nlp\dgg_factor.cc">
      <Filter>Source Files\nlp</Filter>
    </ClCompile>
  </ItemGroup>
  <ItemGroup>
    <ClInclude Include="..\..\src\planning\planner.h">
      <Filter>Source Files\planning</Filter>
    </ClInclude>
    <ClInclude Include="..\..\src\rendering\camera.h">
      <Filter>Source Files\rendering</Filter>
    </ClInclude>
    <ClInclude Include="..\..\src\rendering\rendering_window.h">
      <Filter>Source Files\rendering</Filter>
    </ClInclude>
    <ClInclude Include="..\..\src\rendering\shader\color_shader.h">
      <Filter>Source Files\rendering\shader</Filter>
    </ClInclude>
    <ClInclude Include="..\..\src\rendering\shader\light_shader.h">
      <Filter>Source Files\rendering\shader</Filter>
    </ClInclude>
    <ClInclude Include="..\..\src\rendering\shader\shader.h">
      <Filter>Source Files\rendering\shader</Filter>
    </ClInclude>
    <ClInclude Include="..\..\src\rendering\light.h">
      <Filter>Source Files\rendering</Filter>
    </ClInclude>
    <ClInclude Include="..\..\src\resource\raw_mesh.h">
      <Filter>Source Files\resource</Filter>
    </ClInclude>
    <ClInclude Include="..\..\src\resource\raw_mesh_manager.h">
      <Filter>Source Files\resource</Filter>
    </ClInclude>
    <ClInclude Include="..\..\src\resource\texture.h">
      <Filter>Source Files\resource</Filter>
    </ClInclude>
    <ClInclude Include="..\..\src\resource\texture_manager.h">
      <Filter>Source Files\resource</Filter>
    </ClInclude>
    <ClInclude Include="..\..\lib\lodepng\lodepng.h">
      <Filter>Libraries</Filter>
    </ClInclude>
    <ClInclude Include="..\..\src\rendering\object\array_object.h">
      <Filter>Source Files\rendering\object</Filter>
    </ClInclude>
    <ClInclude Include="..\..\src\rendering\object\texture_object.h">
      <Filter>Source Files\rendering\object</Filter>
    </ClInclude>
    <ClInclude Include="..\..\src\rendering\material.h">
      <Filter>Source Files\rendering</Filter>
    </ClInclude>
    <ClInclude Include="..\..\src\robot\robot_model.h">
      <Filter>Source Files\robot</Filter>
    </ClInclude>
    <ClInclude Include="..\..\lib\tinyxml2\tinyxml2.h">
      <Filter>Libraries</Filter>
    </ClInclude>
    <ClInclude Include="..\..\src\robot\robot_model_loader.h">
      <Filter>Source Files\robot</Filter>
    </ClInclude>
    <ClInclude Include="..\..\src\robot\robot_link.h">
      <Filter>Source Files\robot</Filter>
    </ClInclude>
    <ClInclude Include="..\..\src\robot\robot_joint.h">
      <Filter>Source Files\robot</Filter>
    </ClInclude>
    <ClInclude Include="..\..\src\vision\kinect.h">
      <Filter>Source Files\vision</Filter>
    </ClInclude>
    <ClInclude Include="..\..\src\rendering\shader\pointcloud_shader.h">
      <Filter>Source Files\rendering\shader</Filter>
    </ClInclude>
    <ClInclude Include="..\..\src\nlp\nlp.h">
      <Filter>Source Files\nlp</Filter>
    </ClInclude>
    <ClInclude Include="..\..\src\rendering\object\buffer_object.h">
      <Filter>Source Files\rendering\object</Filter>
    </ClInclude>
    <ClInclude Include="..\..\src\nlp\dgg_node.h">
      <Filter>Source Files\nlp</Filter>
    </ClInclude>
    <ClInclude Include="..\..\src\nlp\dgg_factor.h">
      <Filter>Source Files\nlp</Filter>
    </ClInclude>
  </ItemGroup>
  <ItemGroup>
    <None Include="..\..\src\shader\color.frag">
      <Filter>Shaders</Filter>
    </None>
    <None Include="..\..\src\shader\color.vert">
      <Filter>Shaders</Filter>
    </None>
    <None Include="..\..\src\shader\light.frag">
      <Filter>Shaders</Filter>
    </None>
    <None Include="..\..\src\shader\light.vert">
      <Filter>Shaders</Filter>
    </None>
    <None Include="..\..\src\shader\texture.frag">
      <Filter>Shaders</Filter>
    </None>
    <None Include="..\..\src\shader\texture.vert">
      <Filter>Shaders</Filter>
    </None>
    <None Include="..\..\src\shader\pointcloud.frag">
      <Filter>Shaders</Filter>
    </None>
    <None Include="..\..\src\shader\pointcloud.vert">
      <Filter>Shaders</Filter>
    </None>
  </ItemGroup>
</Project>