<?xml version="1.0" encoding="utf-8"?>
<Project ToolsVersion="4.0" xmlns="http://schemas.microsoft.com/developer/msbuild/2003">
  <ItemGroup>
    <Filter Include="Source Files">
      <UniqueIdentifier>{4FC737F1-C7A5-4376-A066-2A32D752A2FF}</UniqueIdentifier>
      <Extensions>cpp;c;cc;cxx;def;odl;idl;hpj;bat;asm;asmx</Extensions>
    </Filter>
    <Filter Include="Source Files\camera">
      <UniqueIdentifier>{2c973733-0175-4d24-8abe-e6304401559d}</UniqueIdentifier>
    </Filter>
    <Filter Include="Source Files\gl">
      <UniqueIdentifier>{782927ef-d671-4889-bc4f-dd4c5c9f8c0a}</UniqueIdentifier>
    </Filter>
    <Filter Include="Source Files\gl\resource">
      <UniqueIdentifier>{0ae6d45c-d531-4e70-8941-dec7b261750f}</UniqueIdentifier>
    </Filter>
    <Filter Include="Source Files\gl\shader">
      <UniqueIdentifier>{e58a75b6-2e58-4e69-9edc-ab6342361af2}</UniqueIdentifier>
    </Filter>
    <Filter Include="Source Files\light">
      <UniqueIdentifier>{8a2e9b5f-2ed5-4ca1-aac6-6c4bfc8002eb}</UniqueIdentifier>
    </Filter>
    <Filter Include="Source Files\material">
      <UniqueIdentifier>{83f808ad-0893-4404-905b-a15e3170fe14}</UniqueIdentifier>
    </Filter>
    <Filter Include="Source Files\scene">
      <UniqueIdentifier>{bac4ea85-f349-41eb-8bd5-25d3c9878aaf}</UniqueIdentifier>
    </Filter>
    <Filter Include="Source Files\window">
      <UniqueIdentifier>{da560c3a-8247-401b-ad8b-2732469314c0}</UniqueIdentifier>
    </Filter>
    <Filter Include="lib">
      <UniqueIdentifier>{178a2326-520a-47cc-9171-87a6e0391b6b}</UniqueIdentifier>
    </Filter>
    <Filter Include="lib\lodepng">
      <UniqueIdentifier>{2d4f49c2-0042-42c8-804b-57db29ce6979}</UniqueIdentifier>
    </Filter>
    <Filter Include="lib\glad">
      <UniqueIdentifier>{db3ce0e0-0a67-4dbc-8228-a015106b0fad}</UniqueIdentifier>
    </Filter>
  </ItemGroup>
  <ItemGroup>
    <ClCompile Include="..\..\src\renderer\gl\resource\gl_instances.cc">
      <Filter>Source Files\gl\resource</Filter>
    </ClCompile>
    <ClCompile Include="..\..\src\renderer\gl\resource\gl_object.cc">
      <Filter>Source Files\gl\resource</Filter>
    </ClCompile>
    <ClCompile Include="..\..\src\renderer\gl\resource\gl_texture.cc">
      <Filter>Source Files\gl\resource</Filter>
    </ClCompile>
    <ClCompile Include="..\..\src\renderer\gl\shader\light_shader.cc">
      <Filter>Source Files\gl\shader</Filter>
    </ClCompile>
    <ClCompile Include="..\..\src\renderer\gl\shader\shader.cc">
      <Filter>Source Files\gl\shader</Filter>
    </ClCompile>
    <ClCompile Include="..\..\src\renderer\scene\scene.cc">
      <Filter>Source Files\scene</Filter>
    </ClCompile>
    <ClCompile Include="..\..\src\renderer\scene\scene_node.cc">
      <Filter>Source Files\scene</Filter>
    </ClCompile>
    <ClCompile Include="..\..\src\renderer\window\renderer_base_window.cc">
      <Filter>Source Files\window</Filter>
    </ClCompile>
    <ClCompile Include="..\..\src\renderer\window\renderer_context.cc">
      <Filter>Source Files\window</Filter>
    </ClCompile>
    <ClCompile Include="..\..\src\renderer\window\renderer_window.cc">
      <Filter>Source Files\window</Filter>
    </ClCompile>
    <ClCompile Include="..\..\src\renderer\camera\camera.cc">
      <Filter>Source Files\camera</Filter>
    </ClCompile>
    <ClCompile Include="..\..\lib\glad\glad.c">
      <Filter>lib\glad</Filter>
    </ClCompile>
    <ClCompile Include="..\..\lib\lodepng\lodepng.cpp">
      <Filter>lib\lodepng</Filter>
    </ClCompile>
  </ItemGroup>
  <ItemGroup>
    <ClInclude Include="..\..\src\renderer\camera\camera.h">
      <Filter>Source Files\camera</Filter>
    </ClInclude>
    <ClInclude Include="..\..\src\renderer\gl\resource\gl_instances.h">
      <Filter>Source Files\gl\resource</Filter>
    </ClInclude>
    <ClInclude Include="..\..\src\renderer\gl\resource\gl_object.h">
      <Filter>Source Files\gl\resource</Filter>
    </ClInclude>
    <ClInclude Include="..\..\src\renderer\gl\resource\gl_object_manager.h">
      <Filter>Source Files\gl\resource</Filter>
    </ClInclude>
    <ClInclude Include="..\..\src\renderer\gl\resource\gl_texture.h">
      <Filter>Source Files\gl\resource</Filter>
    </ClInclude>
    <ClInclude Include="..\..\src\renderer\gl\shader\light_shader.h">
      <Filter>Source Files\gl\shader</Filter>
    </ClInclude>
    <ClInclude Include="..\..\src\renderer\gl\shader\shader.h">
      <Filter>Source Files\gl\shader</Filter>
    </ClInclude>
    <ClInclude Include="..\..\src\renderer\light\light.h">
      <Filter>Source Files\light</Filter>
    </ClInclude>
    <ClInclude Include="..\..\src\renderer\material\material.h">
      <Filter>Source Files\material</Filter>
    </ClInclude>
    <ClInclude Include="..\..\src\renderer\scene\scene.h">
      <Filter>Source Files\scene</Filter>
    </ClInclude>
    <ClInclude Include="..\..\src\renderer\scene\scene_node.h">
      <Filter>Source Files\scene</Filter>
    </ClInclude>
    <ClInclude Include="..\..\src\renderer\scene\scene_object.h">
      <Filter>Source Files\scene</Filter>
    </ClInclude>
    <ClInclude Include="..\..\src\renderer\window\renderer_base_window.h">
      <Filter>Source Files\window</Filter>
    </ClInclude>
    <ClInclude Include="..\..\src\renderer\window\renderer_context.h">
      <Filter>Source Files\window</Filter>
    </ClInclude>
    <ClInclude Include="..\..\src\renderer\window\renderer_window.h">
      <Filter>Source Files\window</Filter>
    </ClInclude>
    <ClInclude Include="..\..\lib\lodepng\lodepng.h">
      <Filter>lib\lodepng</Filter>
    </ClInclude>
  </ItemGroup>
  <ItemGroup>
    <None Include="..\..\src\renderer\gl\shader\light_shader.frag">
      <Filter>Source Files\gl\shader</Filter>
    </None>
    <None Include="..\..\src\renderer\gl\shader\light_shader.vert">
      <Filter>Source Files\gl\shader</Filter>
    </None>
  </ItemGroup>
</Project>